# This file is automatically @generated by Cargo.
# It is not intended for manual editing.
version = 4

[[package]]
name = "demo_demo"
version = "0.1.0"
dependencies = [
 "demo_domain",
 "demo_infra",
 "kinject",
]

[[package]]
name = "demo_domain"
version = "0.1.0"
dependencies = [
 "kinject",
]

[[package]]
name = "demo_infra"
version = "0.1.0"
dependencies = [
 "demo_domain",
 "kinject",
]

[[package]]
name = "kinject"
version = "0.1.1"
